
Microsoft Visual Studio Solution File, Format Version 12.00
# Visual Studio Version 17
VisualStudioVersion = 17.2.32519.379
MinimumVisualStudioVersion = 10.0.40219.1
Project("{FAE04EC0-301F-11D3-BF4B-00C04F79EFBC}") = "DupeAppearanceChanger", "DupeAppearanceChanger.csproj", "{6BF8501F-3FC9-4272-BB18-1C5487FECA8D}"
EndProject
Global
	GlobalSection(SolutionConfigurationPlatforms) = preSolution
		Debug|Any CPU = Debug|Any CPU
		Release|Any CPU = Release|Any CPU
	EndGlobalSection
	GlobalSection(ProjectConfigurationPlatforms) = postSolution
		{6BF8501F-3FC9-4272-BB18-1C5487FECA8D}.Debug|Any CPU.ActiveCfg = Debug|Any CPU
		{6BF8501F-3FC9-4272-BB18-1C5487FECA8D}.Debug|Any CPU.Build.0 = Debug|Any CPU
		{6BF8501F-3FC9-4272-BB18-1C5487FECA8D}.Release|Any CPU.ActiveCfg = Release|Any CPU
		{6BF8501F-3FC9-4272-BB18-1C5487FECA8D}.Release|Any CPU.Build.0 = Release|Any CPU
	EndGlobalSection
	GlobalSection(SolutionProperties) = preSolution
		HideSolutionNode = FALSE
	EndGlobalSection
	GlobalSection(ExtensibilityGlobals) = postSolution
		SolutionGuid = {CCBAF267-F25D-400E-AAB1-4EC1B82925C1}
	EndGlobalSection
EndGlobal
